
Microsoft Visual Studio Solution File, Format Version 12.00
# Visual Studio 15
VisualStudioVersion = 15.0.28307.421
MinimumVisualStudioVersion = 10.0.40219.1
Project("{FAE04EC0-301F-11D3-BF4B-00C04F79EFBC}") = "PandaDoc", "PandaDoc\PandaDoc.csproj", "{4A812E8A-F401-45C7-BEB7-5F1184A49D24}"
EndProject
Project("{FAE04EC0-301F-11D3-BF4B-00C04F79EFBC}") = "PandaDoc.Api", "PandaDoc.Api\PandaDoc.Api.csproj", "{ED107934-4FC4-45D8-8D83-49D3906B63B3}"
EndProject
Global
	GlobalSection(SolutionConfigurationPlatforms) = preSolution
		Debug|Any CPU = Debug|Any CPU
		Release|Any CPU = Release|Any CPU
	EndGlobalSection
	GlobalSection(ProjectConfigurationPlatforms) = postSolution
		{4A812E8A-F401-45C7-BEB7-5F1184A49D24}.Debug|Any CPU.ActiveCfg = Debug|Any CPU
		{4A812E8A-F401-45C7-BEB7-5F1184A49D24}.Debug|Any CPU.Build.0 = Debug|Any CPU
		{4A812E8A-F401-45C7-BEB7-5F1184A49D24}.Release|Any CPU.ActiveCfg = Release|Any CPU
		{4A812E8A-F401-45C7-BEB7-5F1184A49D24}.Release|Any CPU.Build.0 = Release|Any CPU
		{ED107934-4FC4-45D8-8D83-49D3906B63B3}.Debug|Any CPU.ActiveCfg = Debug|Any CPU
		{ED107934-4FC4-45D8-8D83-49D3906B63B3}.Debug|Any CPU.Build.0 = Debug|Any CPU
		{ED107934-4FC4-45D8-8D83-49D3906B63B3}.Release|Any CPU.ActiveCfg = Release|Any CPU
		{ED107934-4FC4-45D8-8D83-49D3906B63B3}.Release|Any CPU.Build.0 = Release|Any CPU
	EndGlobalSection
	GlobalSection(SolutionProperties) = preSolution
		HideSolutionNode = FALSE
	EndGlobalSection
	GlobalSection(ExtensibilityGlobals) = postSolution
		SolutionGuid = {AA2D76B8-8DC8-4908-9300-B27B75425455}
	EndGlobalSection
EndGlobal
