
Microsoft Visual Studio Solution File, Format Version 12.00
# Visual Studio Version 16
VisualStudioVersion = 16.0.29102.190
MinimumVisualStudioVersion = 10.0.40219.1
Project("{2150E333-8FDC-42A3-9474-1A3956D46DE8}") = "src", "src", "{C0069804-5F49-4DF5-8CC4-8BEE130A0BCF}"
EndProject
Project("{9A19103F-16F7-4668-BE54-9A1E7A4F7556}") = "IdentityServer", "src\IdentityServer\IdentityServer.csproj", "{82F89CB4-53BF-4E85-B0B7-0F3EAA3DCCDE}"
EndProject
Project("{9A19103F-16F7-4668-BE54-9A1E7A4F7556}") = "Esign.Api", "Esign.Api\Esign.Api.csproj", "{BB6C319E-D82F-46BE-A51F-45E7E7A6E8D7}"
EndProject
Project("{FAE04EC0-301F-11D3-BF4B-00C04F79EFBC}") = "Client", "Client\Client.csproj", "{073564AC-FE18-4613-9666-F52A088285BF}"
EndProject
Project("{FAE04EC0-301F-11D3-BF4B-00C04F79EFBC}") = "Esign.Client", "Esign.Client\Esign.Client.csproj", "{B6689CB9-FC6F-4C3B-BFBA-A76F858B296D}"
EndProject
Project("{9A19103F-16F7-4668-BE54-9A1E7A4F7556}") = "PandaDoc.Models", "PandaDoc.Models\PandaDoc.Models.csproj", "{B61CDD45-A3E6-435B-9925-DAAD08E05ED9}"
EndProject
Project("{9A19103F-16F7-4668-BE54-9A1E7A4F7556}") = "PandaDoc.Standard", "PandaDoc.Standard\PandaDoc.Standard.csproj", "{52499ED9-0E98-4581-B507-AF7C5C95FC60}"
EndProject
Global
	GlobalSection(SolutionConfigurationPlatforms) = preSolution
		Debug|Any CPU = Debug|Any CPU
		Release|Any CPU = Release|Any CPU
	EndGlobalSection
	GlobalSection(ProjectConfigurationPlatforms) = postSolution
		{82F89CB4-53BF-4E85-B0B7-0F3EAA3DCCDE}.Debug|Any CPU.ActiveCfg = Debug|Any CPU
		{82F89CB4-53BF-4E85-B0B7-0F3EAA3DCCDE}.Debug|Any CPU.Build.0 = Debug|Any CPU
		{82F89CB4-53BF-4E85-B0B7-0F3EAA3DCCDE}.Release|Any CPU.ActiveCfg = Release|Any CPU
		{82F89CB4-53BF-4E85-B0B7-0F3EAA3DCCDE}.Release|Any CPU.Build.0 = Release|Any CPU
		{BB6C319E-D82F-46BE-A51F-45E7E7A6E8D7}.Debug|Any CPU.ActiveCfg = Debug|Any CPU
		{BB6C319E-D82F-46BE-A51F-45E7E7A6E8D7}.Debug|Any CPU.Build.0 = Debug|Any CPU
		{BB6C319E-D82F-46BE-A51F-45E7E7A6E8D7}.Release|Any CPU.ActiveCfg = Release|Any CPU
		{BB6C319E-D82F-46BE-A51F-45E7E7A6E8D7}.Release|Any CPU.Build.0 = Release|Any CPU
		{073564AC-FE18-4613-9666-F52A088285BF}.Debug|Any CPU.ActiveCfg = Debug|Any CPU
		{073564AC-FE18-4613-9666-F52A088285BF}.Debug|Any CPU.Build.0 = Debug|Any CPU
		{073564AC-FE18-4613-9666-F52A088285BF}.Release|Any CPU.ActiveCfg = Release|Any CPU
		{073564AC-FE18-4613-9666-F52A088285BF}.Release|Any CPU.Build.0 = Release|Any CPU
		{B6689CB9-FC6F-4C3B-BFBA-A76F858B296D}.Debug|Any CPU.ActiveCfg = Debug|Any CPU
		{B6689CB9-FC6F-4C3B-BFBA-A76F858B296D}.Debug|Any CPU.Build.0 = Debug|Any CPU
		{B6689CB9-FC6F-4C3B-BFBA-A76F858B296D}.Release|Any CPU.ActiveCfg = Release|Any CPU
		{B6689CB9-FC6F-4C3B-BFBA-A76F858B296D}.Release|Any CPU.Build.0 = Release|Any CPU
		{B61CDD45-A3E6-435B-9925-DAAD08E05ED9}.Debug|Any CPU.ActiveCfg = Debug|Any CPU
		{B61CDD45-A3E6-435B-9925-DAAD08E05ED9}.Debug|Any CPU.Build.0 = Debug|Any CPU
		{B61CDD45-A3E6-435B-9925-DAAD08E05ED9}.Release|Any CPU.ActiveCfg = Release|Any CPU
		{B61CDD45-A3E6-435B-9925-DAAD08E05ED9}.Release|Any CPU.Build.0 = Release|Any CPU
		{52499ED9-0E98-4581-B507-AF7C5C95FC60}.Debug|Any CPU.ActiveCfg = Debug|Any CPU
		{52499ED9-0E98-4581-B507-AF7C5C95FC60}.Debug|Any CPU.Build.0 = Debug|Any CPU
		{52499ED9-0E98-4581-B507-AF7C5C95FC60}.Release|Any CPU.ActiveCfg = Release|Any CPU
		{52499ED9-0E98-4581-B507-AF7C5C95FC60}.Release|Any CPU.Build.0 = Release|Any CPU
	EndGlobalSection
	GlobalSection(SolutionProperties) = preSolution
		HideSolutionNode = FALSE
	EndGlobalSection
	GlobalSection(NestedProjects) = preSolution
		{82F89CB4-53BF-4E85-B0B7-0F3EAA3DCCDE} = {C0069804-5F49-4DF5-8CC4-8BEE130A0BCF}
	EndGlobalSection
	GlobalSection(ExtensibilityGlobals) = postSolution
		SolutionGuid = {AA2D76B8-8DC8-4908-9300-B27B75425455}
	EndGlobalSection
EndGlobal
